// !$*UTF8*$!
{
	archiveVersion = 1;
	classes = {
	};
	objectVersion = 50;
	objects = {

/* Begin PBXBuildFile section */
		BB17B4A821DD3D6200499C6D /* Meme.swift in Sources */ = {isa = PBXBuildFile; fileRef = BB17B4A721DD3D6200499C6D /* Meme.swift */; };
		F5A7B21321DA6D8A00E9B84C /* AppDelegate.swift in Sources */ = {isa = PBXBuildFile; fileRef = F5A7B21221DA6D8A00E9B84C /* AppDelegate.swift */; };
		F5A7B21521DA6D8A00E9B84C /* MemeEditorViewController.swift in Sources */ = {isa = PBXBuildFile; fileRef = F5A7B21421DA6D8A00E9B84C /* MemeEditorViewController.swift */; };
		F5A7B21821DA6D8A00E9B84C /* Main.storyboard in Resources */ = {isa = PBXBuildFile; fileRef = F5A7B21621DA6D8A00E9B84C /* Main.storyboard */; };
		F5A7B21B21DA6D8A00E9B84C /* MemeMe1_0_App.xcdatamodeld in Sources */ = {isa = PBXBuildFile; fileRef = F5A7B21921DA6D8A00E9B84C /* MemeMe1_0_App.xcdatamodeld */; };
		F5A7B21D21DA6D8B00E9B84C /* Assets.xcassets in Resources */ = {isa = PBXBuildFile; fileRef = F5A7B21C21DA6D8B00E9B84C /* Assets.xcassets */; };
		F5A7B22021DA6D8B00E9B84C /* LaunchScreen.storyboard in Resources */ = {isa = PBXBuildFile; fileRef = F5A7B21E21DA6D8B00E9B84C /* LaunchScreen.storyboard */; };
		F5A7B22821DCF14900E9B84C /* textFieldDelegate.swift in Sources */ = {isa = PBXBuildFile; fileRef = F5A7B22721DCF14900E9B84C /* textFieldDelegate.swift */; };
/* End PBXBuildFile section */

/* Begin PBXFileReference section */
		BB17B4A721DD3D6200499C6D /* Meme.swift */ = {isa = PBXFileReference; lastKnownFileType = sourcecode.swift; path = Meme.swift; sourceTree = "<group>"; };
		F5A7B20F21DA6D8A00E9B84C /* MemeMe1.0-App.app */ = {isa = PBXFileReference; explicitFileType = wrapper.application; includeInIndex = 0; path = "MemeMe1.0-App.app"; sourceTree = BUILT_PRODUCTS_DIR; };
		F5A7B21221DA6D8A00E9B84C /* AppDelegate.swift */ = {isa = PBXFileReference; lastKnownFileType = sourcecode.swift; path = AppDelegate.swift; sourceTree = "<group>"; };
		F5A7B21421DA6D8A00E9B84C /* MemeEditorViewController.swift */ = {isa = PBXFileReference; lastKnownFileType = sourcecode.swift; path = MemeEditorViewController.swift; sourceTree = "<group>"; };
		F5A7B21721DA6D8A00E9B84C /* Base */ = {isa = PBXFileReference; lastKnownFileType = file.storyboard; name = Base; path = Base.lproj/Main.storyboard; sourceTree = "<group>"; };
		F5A7B21A21DA6D8A00E9B84C /* MemeMe1_0_App.xcdatamodel */ = {isa = PBXFileReference; lastKnownFileType = wrapper.xcdatamodel; path = MemeMe1_0_App.xcdatamodel; sourceTree = "<group>"; };
		F5A7B21C21DA6D8B00E9B84C /* Assets.xcassets */ = {isa = PBXFileReference; lastKnownFileType = folder.assetcatalog; path = Assets.xcassets; sourceTree = "<group>"; };
		F5A7B21F21DA6D8B00E9B84C /* Base */ = {isa = PBXFileReference; lastKnownFileType = file.storyboard; name = Base; path = Base.lproj/LaunchScreen.storyboard; sourceTree = "<group>"; };
		F5A7B22121DA6D8B00E9B84C /* Info.plist */ = {isa = PBXFileReference; lastKnownFileType = text.plist.xml; path = Info.plist; sourceTree = "<group>"; };
		F5A7B22721DCF14900E9B84C /* textFieldDelegate.swift */ = {isa = PBXFileReference; lastKnownFileType = sourcecode.swift; path = textFieldDelegate.swift; sourceTree = "<group>"; };
/* End PBXFileReference section */

/* Begin PBXFrameworksBuildPhase section */
		F5A7B20C21DA6D8A00E9B84C /* Frameworks */ = {
			isa = PBXFrameworksBuildPhase;
			buildActionMask = 2147483647;
			files = (
			);
			runOnlyForDeploymentPostprocessing = 0;
		};
/* End PBXFrameworksBuildPhase section */

/* Begin PBXGroup section */
		BB17B4A521DD3D1600499C6D /* Helper */ = {
			isa = PBXGroup;
			children = (
				F5A7B22721DCF14900E9B84C /* textFieldDelegate.swift */,
			);
			path = Helper;
			sourceTree = "<group>";
		};
		BB17B4A621DD3D3A00499C6D /* Models */ = {
			isa = PBXGroup;
			children = (
				BB17B4A721DD3D6200499C6D /* Meme.swift */,
			);
			path = Models;
			sourceTree = "<group>";
		};
		BB17B4A921DFC00500499C6D /* ViewControllers */ = {
			isa = PBXGroup;
			children = (
				F5A7B21421DA6D8A00E9B84C /* MemeEditorViewController.swift */,
			);
			path = ViewControllers;
			sourceTree = "<group>";
		};
		F5A7B20621DA6D8A00E9B84C = {
			isa = PBXGroup;
			children = (
				F5A7B21121DA6D8A00E9B84C /* MemeMe1.0-App */,
				F5A7B21021DA6D8A00E9B84C /* Products */,
			);
			sourceTree = "<group>";
		};
		F5A7B21021DA6D8A00E9B84C /* Products */ = {
			isa = PBXGroup;
			children = (
				F5A7B20F21DA6D8A00E9B84C /* MemeMe1.0-App.app */,
			);
			name = Products;
			sourceTree = "<group>";
		};
		F5A7B21121DA6D8A00E9B84C /* MemeMe1.0-App */ = {
			isa = PBXGroup;
			children = (
				BB17B4A621DD3D3A00499C6D /* Models */,
				BB17B4A921DFC00500499C6D /* ViewControllers */,
				BB17B4A521DD3D1600499C6D /* Helper */,
				F5A7B21221DA6D8A00E9B84C /* AppDelegate.swift */,
				F5A7B21621DA6D8A00E9B84C /* Main.storyboard */,
				F5A7B21C21DA6D8B00E9B84C /* Assets.xcassets */,
				F5A7B21E21DA6D8B00E9B84C /* LaunchScreen.storyboard */,
				F5A7B22121DA6D8B00E9B84C /* Info.plist */,
				F5A7B21921DA6D8A00E9B84C /* MemeMe1_0_App.xcdatamodeld */,
			);
			path = "MemeMe1.0-App";
			sourceTree = "<group>";
		};
/* End PBXGroup section */

/* Begin PBXNativeTarget section */
		F5A7B20E21DA6D8A00E9B84C /* MemeMe1.0-App */ = {
			isa = PBXNativeTarget;
			buildConfigurationList = F5A7B22421DA6D8B00E9B84C /* Build configuration list for PBXNativeTarget "MemeMe1.0-App" */;
			buildPhases = (
				F5A7B20B21DA6D8A00E9B84C /* Sources */,
				F5A7B20C21DA6D8A00E9B84C /* Frameworks */,
				F5A7B20D21DA6D8A00E9B84C /* Resources */,
			);
			buildRules = (
			);
			dependencies = (
			);
			name = "MemeMe1.0-App";
			productName = "MemeMe1.0-App";
			productReference = F5A7B20F21DA6D8A00E9B84C /* MemeMe1.0-App.app */;
			productType = "com.apple.product-type.application";
		};
/* End PBXNativeTarget section */

/* Begin PBXProject section */
		F5A7B20721DA6D8A00E9B84C /* Project object */ = {
			isa = PBXProject;
			attributes = {
				LastSwiftUpdateCheck = 1000;
				LastUpgradeCheck = 1000;
				ORGANIZATIONNAME = "Yazeed ALZahrani";
				TargetAttributes = {
					F5A7B20E21DA6D8A00E9B84C = {
						CreatedOnToolsVersion = 10.0;
					};
				};
			};
			buildConfigurationList = F5A7B20A21DA6D8A00E9B84C /* Build configuration list for PBXProject "MemeMe1.0-App" */;
			compatibilityVersion = "Xcode 9.3";
			developmentRegion = en;
			hasScannedForEncodings = 0;
			knownRegions = (
				en,
				Base,
			);
			mainGroup = F5A7B20621DA6D8A00E9B84C;
			productRefGroup = F5A7B21021DA6D8A00E9B84C /* Products */;
			projectDirPath = "";
			projectRoot = "";
			targets = (
				F5A7B20E21DA6D8A00E9B84C /* MemeMe1.0-App */,
			);
		};
/* End PBXProject section */

/* Begin PBXResourcesBuildPhase section */
		F5A7B20D21DA6D8A00E9B84C /* Resources */ = {
			isa = PBXResourcesBuildPhase;
			buildActionMask = 2147483647;
			files = (
				F5A7B22021DA6D8B00E9B84C /* LaunchScreen.storyboard in Resources */,
				F5A7B21D21DA6D8B00E9B84C /* Assets.xcassets in Resources */,
				F5A7B21821DA6D8A00E9B84C /* Main.storyboard in Resources */,
			);
			runOnlyForDeploymentPostprocessing = 0;
		};
/* End PBXResourcesBuildPhase section */

/* Begin PBXSourcesBuildPhase section */
		F5A7B20B21DA6D8A00E9B84C /* Sources */ = {
			isa = PBXSourcesBuildPhase;
			buildActionMask = 2147483647;
			files = (
				F5A7B21521DA6D8A00E9B84C /* MemeEditorViewController.swift in Sources */,
				F5A7B21B21DA6D8A00E9B84C /* MemeMe1_0_App.xcdatamodeld in Sources */,
				F5A7B22821DCF14900E9B84C /* textFieldDelegate.swift in Sources */,
				F5A7B21321DA6D8A00E9B84C /* AppDelegate.swift in Sources */,
				BB17B4A821DD3D6200499C6D /* Meme.swift in Sources */,
			);
			runOnlyForDeploymentPostprocessing = 0;
		};
/* End PBXSourcesBuildPhase section */

/* Begin PBXVariantGroup section */
		F5A7B21621DA6D8A00E9B84C /* Main.storyboard */ = {
			isa = PBXVariantGroup;
			children = (
				F5A7B21721DA6D8A00E9B84C /* Base */,
			);
			name = Main.storyboard;
			sourceTree = "<group>";
		};
		F5A7B21E21DA6D8B00E9B84C /* LaunchScreen.storyboard */ = {
			isa = PBXVariantGroup;
			children = (
				F5A7B21F21DA6D8B00E9B84C /* Base */,
			);
			name = LaunchScreen.storyboard;
			sourceTree = "<group>";
		};
/* End PBXVariantGroup section */

/* Begin XCBuildConfiguration section */
		F5A7B22221DA6D8B00E9B84C /* Debug */ = {
			isa = XCBuildConfiguration;
			buildSettings = {
				ALWAYS_SEARCH_USER_PATHS = NO;
				CLANG_ANALYZER_NONNULL = YES;
				CLANG_ANALYZER_NUMBER_OBJECT_CONVERSION = YES_AGGRESSIVE;
				CLANG_CXX_LANGUAGE_STANDARD = "gnu++14";
				CLANG_CXX_LIBRARY = "libc++";
				CLANG_ENABLE_MODULES = YES;
				CLANG_ENABLE_OBJC_ARC = YES;
				CLANG_ENABLE_OBJC_WEAK = YES;
				CLANG_WARN_BLOCK_CAPTURE_AUTORELEASING = YES;
				CLANG_WARN_BOOL_CONVERSION = YES;
				CLANG_WARN_COMMA = YES;
				CLANG_WARN_CONSTANT_CONVERSION = YES;
				CLANG_WARN_DEPRECATED_OBJC_IMPLEMENTATIONS = YES;
				CLANG_WARN_DIRECT_OBJC_ISA_USAGE = YES_ERROR;
				CLANG_WARN_DOCUMENTATION_COMMENTS = YES;
				CLANG_WARN_EMPTY_BODY = YES;
				CLANG_WARN_ENUM_CONVERSION = YES;
				CLANG_WARN_INFINITE_RECURSION = YES;
				CLANG_WARN_INT_CONVERSION = YES;
				CLANG_WARN_NON_LITERAL_NULL_CONVERSION = YES;
				CLANG_WARN_OBJC_IMPLICIT_RETAIN_SELF = YES;
				CLANG_WARN_OBJC_LITERAL_CONVERSION = YES;
				CLANG_WARN_OBJC_ROOT_CLASS = YES_ERROR;
				CLANG_WARN_RANGE_LOOP_ANALYSIS = YES;
				CLANG_WARN_STRICT_PROTOTYPES = YES;
				CLANG_WARN_SUSPICIOUS_MOVE = YES;
				CLANG_WARN_UNGUARDED_AVAILABILITY = YES_AGGRESSIVE;
				CLANG_WARN_UNREACHABLE_CODE = YES;
				CLANG_WARN__DUPLICATE_METHOD_MATCH = YES;
				CODE_SIGN_IDENTITY = "iPhone Developer";
				COPY_PHASE_STRIP = NO;
				DEBUG_INFORMATION_FORMAT = dwarf;
				ENABLE_STRICT_OBJC_MSGSEND = YES;
				ENABLE_TESTABILITY = YES;
				GCC_C_LANGUAGE_STANDARD = gnu11;
				GCC_DYNAMIC_NO_PIC = NO;
				GCC_NO_COMMON_BLOCKS = YES;
				GCC_OPTIMIZATION_LEVEL = 0;
				GCC_PREPROCESSOR_DEFINITIONS = (
					"DEBUG=1",
					"$(inherited)",
				);
				GCC_WARN_64_TO_32_BIT_CONVERSION = YES;
				GCC_WARN_ABOUT_RETURN_TYPE = YES_ERROR;
				GCC_WARN_UNDECLARED_SELECTOR = YES;
				GCC_WARN_UNINITIALIZED_AUTOS = YES_AGGRESSIVE;
				GCC_WARN_UNUSED_FUNCTION = YES;
				GCC_WARN_UNUSED_VARIABLE = YES;
				IPHONEOS_DEPLOYMENT_TARGET = 12.0;
				MTL_ENABLE_DEBUG_INFO = INCLUDE_SOURCE;
				MTL_FAST_MATH = YES;
				ONLY_ACTIVE_ARCH = YES;
				SDKROOT = iphoneos;
				SWIFT_ACTIVE_COMPILATION_CONDITIONS = DEBUG;
				SWIFT_OPTIMIZATION_LEVEL = "-Onone";
			};
			name = Debug;
		};
		F5A7B22321DA6D8B00E9B84C /* Release */ = {
			isa = XCBuildConfiguration;
			buildSettings = {
				ALWAYS_SEARCH_USER_PATHS = NO;
				CLANG_ANALYZER_NONNULL = YES;
				CLANG_ANALYZER_NUMBER_OBJECT_CONVERSION = YES_AGGRESSIVE;
				CLANG_CXX_LANGUAGE_STANDARD = "gnu++14";
				CLANG_CXX_LIBRARY = "libc++";
				CLANG_ENABLE_MODULES = YES;
				CLANG_ENABLE_OBJC_ARC = YES;
				CLANG_ENABLE_OBJC_WEAK = YES;
				CLANG_WARN_BLOCK_CAPTURE_AUTORELEASING = YES;
				CLANG_WARN_BOOL_CONVERSION = YES;
				CLANG_WARN_COMMA = YES;
				CLANG_WARN_CONSTANT_CONVERSION = YES;
				CLANG_WARN_DEPRECATED_OBJC_IMPLEMENTATIONS = YES;
				CLANG_WARN_DIRECT_OBJC_ISA_USAGE = YES_ERROR;
				CLANG_WARN_DOCUMENTATION_COMMENTS = YES;
				CLANG_WARN_EMPTY_BODY = YES;
				CLANG_WARN_ENUM_CONVERSION = YES;
				CLANG_WARN_INFINITE_RECURSION = YES;
				CLANG_WARN_INT_CONVERSION = YES;
				CLANG_WARN_NON_LITERAL_NULL_CONVERSION = YES;
				CLANG_WARN_OBJC_IMPLICIT_RETAIN_SELF = YES;
				CLANG_WARN_OBJC_LITERAL_CONVERSION = YES;
				CLANG_WARN_OBJC_ROOT_CLASS = YES_ERROR;
				CLANG_WARN_RANGE_LOOP_ANALYSIS = YES;
				CLANG_WARN_STRICT_PROTOTYPES = YES;
				CLANG_WARN_SUSPICIOUS_MOVE = YES;
				CLANG_WARN_UNGUARDED_AVAILABILITY = YES_AGGRESSIVE;
				CLANG_WARN_UNREACHABLE_CODE = YES;
				CLANG_WARN__DUPLICATE_METHOD_MATCH = YES;
				CODE_SIGN_IDENTITY = "iPhone Developer";
				COPY_PHASE_STRIP = NO;
				DEBUG_INFORMATION_FORMAT = "dwarf-with-dsym";
				ENABLE_NS_ASSERTIONS = NO;
				ENABLE_STRICT_OBJC_MSGSEND = YES;
				GCC_C_LANGUAGE_STANDARD = gnu11;
				GCC_NO_COMMON_BLOCKS = YES;
				GCC_WARN_64_TO_32_BIT_CONVERSION = YES;
				GCC_WARN_ABOUT_RETURN_TYPE = YES_ERROR;
				GCC_WARN_UNDECLARED_SELECTOR = YES;
				GCC_WARN_UNINITIALIZED_AUTOS = YES_AGGRESSIVE;
				GCC_WARN_UNUSED_FUNCTION = YES;
				GCC_WARN_UNUSED_VARIABLE = YES;
				IPHONEOS_DEPLOYMENT_TARGET = 12.0;
				MTL_ENABLE_DEBUG_INFO = NO;
				MTL_FAST_MATH = YES;
				SDKROOT = iphoneos;
				SWIFT_COMPILATION_MODE = wholemodule;
				SWIFT_OPTIMIZATION_LEVEL = "-O";
				VALIDATE_PRODUCT = YES;
			};
			name = Release;
		};
		F5A7B22521DA6D8B00E9B84C /* Debug */ = {
			isa = XCBuildConfiguration;
			buildSettings = {
				ASSETCATALOG_COMPILER_APPICON_NAME = AppIcon;
				CODE_SIGN_STYLE = Automatic;
				DEVELOPMENT_TEAM = MKS49DN993;
				INFOPLIST_FILE = "MemeMe1.0-App/Info.plist";
				LD_RUNPATH_SEARCH_PATHS = (
					"$(inherited)",
					"@executable_path/Frameworks",
				);
				PRODUCT_BUNDLE_IDENTIFIER = "Test.MemeMe1-0-App";
				PRODUCT_NAME = "$(TARGET_NAME)";
				SWIFT_VERSION = 4.2;
				TARGETED_DEVICE_FAMILY = "1,2";
			};
			name = Debug;
		};
		F5A7B22621DA6D8B00E9B84C /* Release */ = {
			isa = XCBuildConfiguration;
			buildSettings = {
				ASSETCATALOG_COMPILER_APPICON_NAME = AppIcon;
				CODE_SIGN_STYLE = Automatic;
				DEVELOPMENT_TEAM = MKS49DN993;
				INFOPLIST_FILE = "MemeMe1.0-App/Info.plist";
				LD_RUNPATH_SEARCH_PATHS = (
					"$(inherited)",
					"@executable_path/Frameworks",
				);
				PRODUCT_BUNDLE_IDENTIFIER = "Test.MemeMe1-0-App";
				PRODUCT_NAME = "$(TARGET_NAME)";
				SWIFT_VERSION = 4.2;
				TARGETED_DEVICE_FAMILY = "1,2";
			};
			name = Release;
		};
/* End XCBuildConfiguration section */

/* Begin XCConfigurationList section */
		F5A7B20A21DA6D8A00E9B84C /* Build configuration list for PBXProject "MemeMe1.0-App" */ = {
			isa = XCConfigurationList;
			buildConfigurations = (
				F5A7B22221DA6D8B00E9B84C /* Debug */,
				F5A7B22321DA6D8B00E9B84C /* Release */,
			);
			defaultConfigurationIsVisible = 0;
			defaultConfigurationName = Release;
		};
		F5A7B22421DA6D8B00E9B84C /* Build configuration list for PBXNativeTarget "MemeMe1.0-App" */ = {
			isa = XCConfigurationList;
			buildConfigurations = (
				F5A7B22521DA6D8B00E9B84C /* Debug */,
				F5A7B22621DA6D8B00E9B84C /* Release */,
			);
			defaultConfigurationIsVisible = 0;
			defaultConfigurationName = Release;
		};
/* End XCConfigurationList section */

/* Begin XCVersionGroup section */
		F5A7B21921DA6D8A00E9B84C /* MemeMe1_0_App.xcdatamodeld */ = {
			isa = XCVersionGroup;
			children = (
				F5A7B21A21DA6D8A00E9B84C /* MemeMe1_0_App.xcdatamodel */,
			);
			currentVersion = F5A7B21A21DA6D8A00E9B84C /* MemeMe1_0_App.xcdatamodel */;
			path = MemeMe1_0_App.xcdatamodeld;
			sourceTree = "<group>";
			versionGroupType = wrapper.xcdatamodel;
		};
/* End XCVersionGroup section */
	};
	rootObject = F5A7B20721DA6D8A00E9B84C /* Project object */;
}
